
Microsoft Visual Studio Solution File, Format Version 12.00
# Visual Studio Version 17
VisualStudioVersion = 17.7.34031.279
MinimumVisualStudioVersion = 10.0.40219.1
Project("{D2ABAB84-BF74-430A-B69E-9DC6D40DDA17}") = "CUBO_VENTAS", "CUBO_VENTAS.dwproj", "{E4791316-87CD-459F-8408-52F40622ACD6}"
EndProject
Global
	GlobalSection(SolutionConfigurationPlatforms) = preSolution
		Development|Default = Development|Default
	EndGlobalSection
	GlobalSection(ProjectConfigurationPlatforms) = postSolution
		{E4791316-87CD-459F-8408-52F40622ACD6}.Development|Default.ActiveCfg = Development
		{E4791316-87CD-459F-8408-52F40622ACD6}.Development|Default.Build.0 = Development
		{E4791316-87CD-459F-8408-52F40622ACD6}.Development|Default.Deploy.0 = Development
	EndGlobalSection
	GlobalSection(SolutionProperties) = preSolution
		HideSolutionNode = FALSE
	EndGlobalSection
	GlobalSection(ExtensibilityGlobals) = postSolution
		SolutionGuid = {4675E9B1-7118-4B44-B38B-11CD01EE4F89}
	EndGlobalSection
EndGlobal
